PODS:
  - beacon_broadcast (0.0.1):
    - Flutter
  - device_id (0.0.1):
    - Flutter
  - device_info (0.0.1):
    - Flutter
  - Flutter (1.0.0)
  - get_mac (0.0.1):
    - Flutter

DEPENDENCIES:
  - beacon_broadcast (from `.symlinks/plugins/beacon_broadcast/ios`)
  - device_id (from `.symlinks/plugins/device_id/ios`)
  - device_info (from `.symlinks/plugins/device_info/ios`)
  - Flutter (from `Flutter`)
  - get_mac (from `.symlinks/plugins/get_mac/ios`)

EXTERNAL SOURCES:
  beacon_broadcast:
    :path: ".symlinks/plugins/beacon_broadcast/ios"
  device_id:
    :path: ".symlinks/plugins/device_id/ios"
  device_info:
    :path: ".symlinks/plugins/device_info/ios"
  Flutter:
    :path: Flutter
  get_mac:
    :path: ".symlinks/plugins/get_mac/ios"

SPEC CHECKSUMS:
  beacon_broadcast: 2c2562111f7b7e0f1ab59487f6bc805805e3c9f3
  device_id: 4a0bf078741a3eec6ba0e6cc72e786395d5991b0
  device_info: d7d233b645a32c40dfdc212de5cf646ca482f175
  Flutter: 0e3d915762c693b495b44d77113d4970485de6ec
  get_mac: b90f006186f20adf5b9d1f65b530599d39470b16

PODFILE CHECKSUM: aafe91acc616949ddb318b77800a7f51bffa2a4c

COCOAPODS: 1.10.0
